
Microsoft Visual Studio Solution File, Format Version 12.00
# Visual Studio Version 17
VisualStudioVersion = 17.12.35521.163
MinimumVisualStudioVersion = 10.0.40219.1
Project("{FAE04EC0-301F-11D3-BF4B-00C04F79EFBC}") = "ConsoleApp1", "ConsoleApp1\ConsoleApp1.csproj", "{14685713-122E-4D46-91D2-8C609942EF93}"
EndProject
Project("{2150E333-8FDC-42A3-9474-1A3956D46DE8}") = "Task0", "Task0", "{A41DF5F3-3945-49E0-A02C-85167457944F}"
EndProject
Project("{FAE04EC0-301F-11D3-BF4B-00C04F79EFBC}") = "Tyuiu.SizikovSS.Sprint3.Task0.V26", "Tyuiu.SizikovSS.Sprint3.Task0.V26\Tyuiu.SizikovSS.Sprint3.Task0.V26.csproj", "{ECB5D2E4-3CF8-4277-83DA-8CEFA24E2C62}"
EndProject
Project("{FAE04EC0-301F-11D3-BF4B-00C04F79EFBC}") = "Tyuiu.SizikovSS.Sprint3.Task0.V26.Lib", "Tyuiu.SizikovSS.Sprint3.Task0.V26.Lib\Tyuiu.SizikovSS.Sprint3.Task0.V26.Lib.csproj", "{2ADA0033-079F-42DB-9B25-0959FA1A77A6}"
EndProject
Project("{FAE04EC0-301F-11D3-BF4B-00C04F79EFBC}") = "Tyuiu.SizikovSS.Sprint3.Task0.V26.Test", "Tyuiu.SizikovSS.Sprint3.Task0.V26.Test\Tyuiu.SizikovSS.Sprint3.Task0.V26.Test.csproj", "{5D731479-93E1-4AFF-8C23-14E9C24E5DEE}"
EndProject
Project("{2150E333-8FDC-42A3-9474-1A3956D46DE8}") = "Task1", "Task1", "{F5DADECC-701A-4A45-9595-7F8A9A9E70B9}"
EndProject
Project("{FAE04EC0-301F-11D3-BF4B-00C04F79EFBC}") = "Tyuiu.SizikovSS.Sprint3.Task1.V27", "Tyuiu.SizikovSS.Sprint3.Task1.V27\Tyuiu.SizikovSS.Sprint3.Task1.V27.csproj", "{18C4C96B-2175-42ED-A0C2-41E770ECFDCE}"
EndProject
Project("{FAE04EC0-301F-11D3-BF4B-00C04F79EFBC}") = "Tyuiu.SizikovSS.Sprint3.Task1.V27.Lib", "Tyuiu.SizikovSS.Sprint3.Task1.V27.Lib\Tyuiu.SizikovSS.Sprint3.Task1.V27.Lib.csproj", "{0AD393DA-A5B5-4A4D-98D9-E59C7059470E}"
EndProject
Project("{FAE04EC0-301F-11D3-BF4B-00C04F79EFBC}") = "Tyuiu.SizikovSS.Sprint3.Task1.V27.Test", "Tyuiu.SizikovSS.Sprint3.Task1.V27.Test\Tyuiu.SizikovSS.Sprint3.Task1.V27.Test.csproj", "{69651210-8C81-4AA9-9B3F-3C8E4BCC8573}"
EndProject
Project("{2150E333-8FDC-42A3-9474-1A3956D46DE8}") = "Task2", "Task2", "{E9A5EF07-E076-44BB-B880-3E466A3A07DF}"
EndProject
Project("{FAE04EC0-301F-11D3-BF4B-00C04F79EFBC}") = "Tyuiu.SizikovSS.Sprint3.Task2.V6", "Tyuiu.SizikovSS.Sprint3.Task2.V6\Tyuiu.SizikovSS.Sprint3.Task2.V6.csproj", "{4FB4F661-A751-4587-9161-3FF031B393C5}"
EndProject
Project("{FAE04EC0-301F-11D3-BF4B-00C04F79EFBC}") = "Tyuiu.SizikovSS.Sprint3.Task2.V6.Lib", "Tyuiu.SizikovSS.Sprint3.Task2.V6.Lib\Tyuiu.SizikovSS.Sprint3.Task2.V6.Lib.csproj", "{C00893AA-3CE7-4CDB-88C7-631A3382800C}"
EndProject
Project("{FAE04EC0-301F-11D3-BF4B-00C04F79EFBC}") = "Tyuiu.SizikovSS.Sprint3.Task2.V6.Test", "Tyuiu.SizikovSS.Sprint3.Task2.V6.Test\Tyuiu.SizikovSS.Sprint3.Task2.V6.Test.csproj", "{D8EA0491-EE66-4894-9E01-F5B8C7BF904E}"
EndProject
Project("{2150E333-8FDC-42A3-9474-1A3956D46DE8}") = "Task3", "Task3", "{D924B4DC-3931-4228-9B76-2DA67AB25B91}"
EndProject
Project("{FAE04EC0-301F-11D3-BF4B-00C04F79EFBC}") = "Tyuiu.SizikovSS.Sprint3.Task3.V1", "Tyuiu.SizikovSS.Sprint3.Task3.V1\Tyuiu.SizikovSS.Sprint3.Task3.V1.csproj", "{43B96773-0E40-49AA-9167-839C0DD1585B}"
EndProject
Project("{FAE04EC0-301F-11D3-BF4B-00C04F79EFBC}") = "Tyuiu.SizikovSS.Sprint3.Task3.V1.Lib", "Tyuiu.SizikovSS.Sprint3.Task3.V1.Lib\Tyuiu.SizikovSS.Sprint3.Task3.V1.Lib.csproj", "{BBE2466A-5E5E-46EE-8D53-94C5C1B66783}"
EndProject
Project("{FAE04EC0-301F-11D3-BF4B-00C04F79EFBC}") = "Tyuiu.SizikovSS.Sprint3.Task3.V1.Test", "Tyuiu.SizikovSS.Sprint3.Task3.V1.Test\Tyuiu.SizikovSS.Sprint3.Task3.V1.Test.csproj", "{6464D81F-0C35-4E98-A6ED-AF1CD07CF98F}"
EndProject
Project("{2150E333-8FDC-42A3-9474-1A3956D46DE8}") = "Task4", "Task4", "{7EA31A5D-CB8F-4B09-B31C-7FFF76A714E9}"
EndProject
Project("{FAE04EC0-301F-11D3-BF4B-00C04F79EFBC}") = "Tyuiu.SizikovSS.Sprint3.Task4.V27", "Tyuiu.SizikovSS.Sprint3.Task4.V27\Tyuiu.SizikovSS.Sprint3.Task4.V27.csproj", "{5DD016E6-9EF7-413F-AF0F-FD0D2C2C03D7}"
EndProject
Project("{FAE04EC0-301F-11D3-BF4B-00C04F79EFBC}") = "Tyuiu.SizikovSS.Sprint3.Task4.V27.Lib", "Tyuiu.SizikovSS.Sprint3.Task4.V27.Lib\Tyuiu.SizikovSS.Sprint3.Task4.V27.Lib.csproj", "{E462A24C-0CEE-4AD1-A8C3-660B4BEBE194}"
EndProject
Project("{FAE04EC0-301F-11D3-BF4B-00C04F79EFBC}") = "Tyuiu.SizikovSS.Sprint3.Task4.V27.Test", "Tyuiu.SizikovSS.Sprint3.Task4.V27.Test\Tyuiu.SizikovSS.Sprint3.Task4.V27.Test.csproj", "{92C15E8B-9F12-42A2-A291-28A869B0B08F}"
EndProject
Project("{2150E333-8FDC-42A3-9474-1A3956D46DE8}") = "Task5", "Task5", "{E573ECF4-F159-48C5-A09E-8EEF6AFA608D}"
EndProject
Project("{FAE04EC0-301F-11D3-BF4B-00C04F79EFBC}") = "Tyuiu.SizikovSS.Sprint3.Task5.V19", "Tyuiu.SizikovSS.Sprint3.Task5.V19\Tyuiu.SizikovSS.Sprint3.Task5.V19.csproj", "{429D88A7-D126-4680-9AA7-79B941F70F1D}"
EndProject
Project("{FAE04EC0-301F-11D3-BF4B-00C04F79EFBC}") = "Tyuiu.SizikovSS.Sprint3.Task5.V19.Lib", "Tyuiu.SizikovSS.Sprint3.Task5.V19.Lib\Tyuiu.SizikovSS.Sprint3.Task5.V19.Lib.csproj", "{AAE5BBB9-0C24-410D-B3C9-9FBC1452B0B4}"
EndProject
Project("{FAE04EC0-301F-11D3-BF4B-00C04F79EFBC}") = "Tyuiu.SizikovSS.Sprint3.Task5.V19.Test", "Tyuiu.SizikovSS.Sprint3.Task5.V19.Test\Tyuiu.SizikovSS.Sprint3.Task5.V19.Test.csproj", "{1FC3A7F1-A9E9-4BC0-98D1-4021E85C6D32}"
EndProject
Global
	GlobalSection(SolutionConfigurationPlatforms) = preSolution
		Debug|Any CPU = Debug|Any CPU
		Release|Any CPU = Release|Any CPU
	EndGlobalSection
	GlobalSection(ProjectConfigurationPlatforms) = postSolution
		{14685713-122E-4D46-91D2-8C609942EF93}.Debug|Any CPU.ActiveCfg = Debug|Any CPU
		{14685713-122E-4D46-91D2-8C609942EF93}.Debug|Any CPU.Build.0 = Debug|Any CPU
		{14685713-122E-4D46-91D2-8C609942EF93}.Release|Any CPU.ActiveCfg = Release|Any CPU
		{14685713-122E-4D46-91D2-8C609942EF93}.Release|Any CPU.Build.0 = Release|Any CPU
		{ECB5D2E4-3CF8-4277-83DA-8CEFA24E2C62}.Debug|Any CPU.ActiveCfg = Debug|Any CPU
		{ECB5D2E4-3CF8-4277-83DA-8CEFA24E2C62}.Debug|Any CPU.Build.0 = Debug|Any CPU
		{ECB5D2E4-3CF8-4277-83DA-8CEFA24E2C62}.Release|Any CPU.ActiveCfg = Release|Any CPU
		{ECB5D2E4-3CF8-4277-83DA-8CEFA24E2C62}.Release|Any CPU.Build.0 = Release|Any CPU
		{2ADA0033-079F-42DB-9B25-0959FA1A77A6}.Debug|Any CPU.ActiveCfg = Debug|Any CPU
		{2ADA0033-079F-42DB-9B25-0959FA1A77A6}.Debug|Any CPU.Build.0 = Debug|Any CPU
		{2ADA0033-079F-42DB-9B25-0959FA1A77A6}.Release|Any CPU.ActiveCfg = Release|Any CPU
		{2ADA0033-079F-42DB-9B25-0959FA1A77A6}.Release|Any CPU.Build.0 = Release|Any CPU
		{5D731479-93E1-4AFF-8C23-14E9C24E5DEE}.Debug|Any CPU.ActiveCfg = Debug|Any CPU
		{5D731479-93E1-4AFF-8C23-14E9C24E5DEE}.Debug|Any CPU.Build.0 = Debug|Any CPU
		{5D731479-93E1-4AFF-8C23-14E9C24E5DEE}.Release|Any CPU.ActiveCfg = Release|Any CPU
		{5D731479-93E1-4AFF-8C23-14E9C24E5DEE}.Release|Any CPU.Build.0 = Release|Any CPU
		{18C4C96B-2175-42ED-A0C2-41E770ECFDCE}.Debug|Any CPU.ActiveCfg = Debug|Any CPU
		{18C4C96B-2175-42ED-A0C2-41E770ECFDCE}.Debug|Any CPU.Build.0 = Debug|Any CPU
		{18C4C96B-2175-42ED-A0C2-41E770ECFDCE}.Release|Any CPU.ActiveCfg = Release|Any CPU
		{18C4C96B-2175-42ED-A0C2-41E770ECFDCE}.Release|Any CPU.Build.0 = Release|Any CPU
		{0AD393DA-A5B5-4A4D-98D9-E59C7059470E}.Debug|Any CPU.ActiveCfg = Debug|Any CPU
		{0AD393DA-A5B5-4A4D-98D9-E59C7059470E}.Debug|Any CPU.Build.0 = Debug|Any CPU
		{0AD393DA-A5B5-4A4D-98D9-E59C7059470E}.Release|Any CPU.ActiveCfg = Release|Any CPU
		{0AD393DA-A5B5-4A4D-98D9-E59C7059470E}.Release|Any CPU.Build.0 = Release|Any CPU
		{69651210-8C81-4AA9-9B3F-3C8E4BCC8573}.Debug|Any CPU.ActiveCfg = Debug|Any CPU
		{69651210-8C81-4AA9-9B3F-3C8E4BCC8573}.Debug|Any CPU.Build.0 = Debug|Any CPU
		{69651210-8C81-4AA9-9B3F-3C8E4BCC8573}.Release|Any CPU.ActiveCfg = Release|Any CPU
		{69651210-8C81-4AA9-9B3F-3C8E4BCC8573}.Release|Any CPU.Build.0 = Release|Any CPU
		{4FB4F661-A751-4587-9161-3FF031B393C5}.Debug|Any CPU.ActiveCfg = Debug|Any CPU
		{4FB4F661-A751-4587-9161-3FF031B393C5}.Debug|Any CPU.Build.0 = Debug|Any CPU
		{4FB4F661-A751-4587-9161-3FF031B393C5}.Release|Any CPU.ActiveCfg = Release|Any CPU
		{4FB4F661-A751-4587-9161-3FF031B393C5}.Release|Any CPU.Build.0 = Release|Any CPU
		{C00893AA-3CE7-4CDB-88C7-631A3382800C}.Debug|Any CPU.ActiveCfg = Debug|Any CPU
		{C00893AA-3CE7-4CDB-88C7-631A3382800C}.Debug|Any CPU.Build.0 = Debug|Any CPU
		{C00893AA-3CE7-4CDB-88C7-631A3382800C}.Release|Any CPU.ActiveCfg = Release|Any CPU
		{C00893AA-3CE7-4CDB-88C7-631A3382800C}.Release|Any CPU.Build.0 = Release|Any CPU
		{D8EA0491-EE66-4894-9E01-F5B8C7BF904E}.Debug|Any CPU.ActiveCfg = Debug|Any CPU
		{D8EA0491-EE66-4894-9E01-F5B8C7BF904E}.Debug|Any CPU.Build.0 = Debug|Any CPU
		{D8EA0491-EE66-4894-9E01-F5B8C7BF904E}.Release|Any CPU.ActiveCfg = Release|Any CPU
		{D8EA0491-EE66-4894-9E01-F5B8C7BF904E}.Release|Any CPU.Build.0 = Release|Any CPU
		{43B96773-0E40-49AA-9167-839C0DD1585B}.Debug|Any CPU.ActiveCfg = Debug|Any CPU
		{43B96773-0E40-49AA-9167-839C0DD1585B}.Debug|Any CPU.Build.0 = Debug|Any CPU
		{43B96773-0E40-49AA-9167-839C0DD1585B}.Release|Any CPU.ActiveCfg = Release|Any CPU
		{43B96773-0E40-49AA-9167-839C0DD1585B}.Release|Any CPU.Build.0 = Release|Any CPU
		{BBE2466A-5E5E-46EE-8D53-94C5C1B66783}.Debug|Any CPU.ActiveCfg = Debug|Any CPU
		{BBE2466A-5E5E-46EE-8D53-94C5C1B66783}.Debug|Any CPU.Build.0 = Debug|Any CPU
		{BBE2466A-5E5E-46EE-8D53-94C5C1B66783}.Release|Any CPU.ActiveCfg = Release|Any CPU
		{BBE2466A-5E5E-46EE-8D53-94C5C1B66783}.Release|Any CPU.Build.0 = Release|Any CPU
		{6464D81F-0C35-4E98-A6ED-AF1CD07CF98F}.Debug|Any CPU.ActiveCfg = Debug|Any CPU
		{6464D81F-0C35-4E98-A6ED-AF1CD07CF98F}.Debug|Any CPU.Build.0 = Debug|Any CPU
		{6464D81F-0C35-4E98-A6ED-AF1CD07CF98F}.Release|Any CPU.ActiveCfg = Release|Any CPU
		{6464D81F-0C35-4E98-A6ED-AF1CD07CF98F}.Release|Any CPU.Build.0 = Release|Any CPU
		{5DD016E6-9EF7-413F-AF0F-FD0D2C2C03D7}.Debug|Any CPU.ActiveCfg = Debug|Any CPU
		{5DD016E6-9EF7-413F-AF0F-FD0D2C2C03D7}.Debug|Any CPU.Build.0 = Debug|Any CPU
		{5DD016E6-9EF7-413F-AF0F-FD0D2C2C03D7}.Release|Any CPU.ActiveCfg = Release|Any CPU
		{5DD016E6-9EF7-413F-AF0F-FD0D2C2C03D7}.Release|Any CPU.Build.0 = Release|Any CPU
		{E462A24C-0CEE-4AD1-A8C3-660B4BEBE194}.Debug|Any CPU.ActiveCfg = Debug|Any CPU
		{E462A24C-0CEE-4AD1-A8C3-660B4BEBE194}.Debug|Any CPU.Build.0 = Debug|Any CPU
		{E462A24C-0CEE-4AD1-A8C3-660B4BEBE194}.Release|Any CPU.ActiveCfg = Release|Any CPU
		{E462A24C-0CEE-4AD1-A8C3-660B4BEBE194}.Release|Any CPU.Build.0 = Release|Any CPU
		{92C15E8B-9F12-42A2-A291-28A869B0B08F}.Debug|Any CPU.ActiveCfg = Debug|Any CPU
		{92C15E8B-9F12-42A2-A291-28A869B0B08F}.Debug|Any CPU.Build.0 = Debug|Any CPU
		{92C15E8B-9F12-42A2-A291-28A869B0B08F}.Release|Any CPU.ActiveCfg = Release|Any CPU
		{92C15E8B-9F12-42A2-A291-28A869B0B08F}.Release|Any CPU.Build.0 = Release|Any CPU
		{429D88A7-D126-4680-9AA7-79B941F70F1D}.Debug|Any CPU.ActiveCfg = Debug|Any CPU
		{429D88A7-D126-4680-9AA7-79B941F70F1D}.Debug|Any CPU.Build.0 = Debug|Any CPU
		{429D88A7-D126-4680-9AA7-79B941F70F1D}.Release|Any CPU.ActiveCfg = Release|Any CPU
		{429D88A7-D126-4680-9AA7-79B941F70F1D}.Release|Any CPU.Build.0 = Release|Any CPU
		{AAE5BBB9-0C24-410D-B3C9-9FBC1452B0B4}.Debug|Any CPU.ActiveCfg = Debug|Any CPU
		{AAE5BBB9-0C24-410D-B3C9-9FBC1452B0B4}.Debug|Any CPU.Build.0 = Debug|Any CPU
		{AAE5BBB9-0C24-410D-B3C9-9FBC1452B0B4}.Release|Any CPU.ActiveCfg = Release|Any CPU
		{AAE5BBB9-0C24-410D-B3C9-9FBC1452B0B4}.Release|Any CPU.Build.0 = Release|Any CPU
		{1FC3A7F1-A9E9-4BC0-98D1-4021E85C6D32}.Debug|Any CPU.ActiveCfg = Debug|Any CPU
		{1FC3A7F1-A9E9-4BC0-98D1-4021E85C6D32}.Debug|Any CPU.Build.0 = Debug|Any CPU
		{1FC3A7F1-A9E9-4BC0-98D1-4021E85C6D32}.Release|Any CPU.ActiveCfg = Release|Any CPU
		{1FC3A7F1-A9E9-4BC0-98D1-4021E85C6D32}.Release|Any CPU.Build.0 = Release|Any CPU
	EndGlobalSection
	GlobalSection(SolutionProperties) = preSolution
		HideSolutionNode = FALSE
	EndGlobalSection
	GlobalSection(NestedProjects) = preSolution
		{ECB5D2E4-3CF8-4277-83DA-8CEFA24E2C62} = {A41DF5F3-3945-49E0-A02C-85167457944F}
		{2ADA0033-079F-42DB-9B25-0959FA1A77A6} = {A41DF5F3-3945-49E0-A02C-85167457944F}
		{5D731479-93E1-4AFF-8C23-14E9C24E5DEE} = {A41DF5F3-3945-49E0-A02C-85167457944F}
		{18C4C96B-2175-42ED-A0C2-41E770ECFDCE} = {F5DADECC-701A-4A45-9595-7F8A9A9E70B9}
		{0AD393DA-A5B5-4A4D-98D9-E59C7059470E} = {F5DADECC-701A-4A45-9595-7F8A9A9E70B9}
		{69651210-8C81-4AA9-9B3F-3C8E4BCC8573} = {F5DADECC-701A-4A45-9595-7F8A9A9E70B9}
		{4FB4F661-A751-4587-9161-3FF031B393C5} = {E9A5EF07-E076-44BB-B880-3E466A3A07DF}
		{C00893AA-3CE7-4CDB-88C7-631A3382800C} = {E9A5EF07-E076-44BB-B880-3E466A3A07DF}
		{D8EA0491-EE66-4894-9E01-F5B8C7BF904E} = {E9A5EF07-E076-44BB-B880-3E466A3A07DF}
		{43B96773-0E40-49AA-9167-839C0DD1585B} = {D924B4DC-3931-4228-9B76-2DA67AB25B91}
		{BBE2466A-5E5E-46EE-8D53-94C5C1B66783} = {D924B4DC-3931-4228-9B76-2DA67AB25B91}
		{6464D81F-0C35-4E98-A6ED-AF1CD07CF98F} = {D924B4DC-3931-4228-9B76-2DA67AB25B91}
		{5DD016E6-9EF7-413F-AF0F-FD0D2C2C03D7} = {7EA31A5D-CB8F-4B09-B31C-7FFF76A714E9}
		{E462A24C-0CEE-4AD1-A8C3-660B4BEBE194} = {7EA31A5D-CB8F-4B09-B31C-7FFF76A714E9}
		{92C15E8B-9F12-42A2-A291-28A869B0B08F} = {7EA31A5D-CB8F-4B09-B31C-7FFF76A714E9}
		{429D88A7-D126-4680-9AA7-79B941F70F1D} = {E573ECF4-F159-48C5-A09E-8EEF6AFA608D}
		{AAE5BBB9-0C24-410D-B3C9-9FBC1452B0B4} = {E573ECF4-F159-48C5-A09E-8EEF6AFA608D}
		{1FC3A7F1-A9E9-4BC0-98D1-4021E85C6D32} = {E573ECF4-F159-48C5-A09E-8EEF6AFA608D}
	EndGlobalSection
EndGlobal
